github.com/a-h/templ v0.2.663 h1:aa0WMm27InkYHGjimcM7us6hJ6BLhg98ZbfaiDPyjHE=
github.com/a-h/templ v0.2.663/go.mod h1:SA7mtYwVEajbIXFRh3vKdYm/4FYyLQAtPH1+KxzGPA8=
github.com/lib/pq v1.10.9 h1:YXG7RB+JIjhP29X+OtkiDnYaXQwpS4JEWq7dtCCRUEw=
github.com/lib/pq v1.10.9/go.mod h1:AlVN5x4E4T544tWzH6hKfbfQvm3HdbOxrmggDNAPY9o=
